
Microsoft Visual Studio Solution File, Format Version 12.00
# Visual Studio 15
VisualStudioVersion = 15.0.28307.106
MinimumVisualStudioVersion = 10.0.40219.1
Project("{F2A71F9B-5D33-465A-A702-920D77279786}") = "FileConverterApp", "FileConverterApp\FileConverterApp.fsproj", "{1E4C60A5-027B-4224-93B4-5C0A447486AD}"
EndProject
Global
	GlobalSection(SolutionConfigurationPlatforms) = preSolution
		Debug|Any CPU = Debug|Any CPU
		Release|Any CPU = Release|Any CPU
	EndGlobalSection
	GlobalSection(ProjectConfigurationPlatforms) = postSolution
		{1E4C60A5-027B-4224-93B4-5C0A447486AD}.Debug|Any CPU.ActiveCfg = Debug|Any CPU
		{1E4C60A5-027B-4224-93B4-5C0A447486AD}.Debug|Any CPU.Build.0 = Debug|Any CPU
		{1E4C60A5-027B-4224-93B4-5C0A447486AD}.Release|Any CPU.ActiveCfg = Release|Any CPU
		{1E4C60A5-027B-4224-93B4-5C0A447486AD}.Release|Any CPU.Build.0 = Release|Any CPU
	EndGlobalSection
	GlobalSection(SolutionProperties) = preSolution
		HideSolutionNode = FALSE
	EndGlobalSection
	GlobalSection(ExtensibilityGlobals) = postSolution
		SolutionGuid = {2F52DDC2-331B-4D2C-B485-0E3FA113BD11}
	EndGlobalSection
EndGlobal
